// !$*UTF8*$!
{
	archiveVersion = 1;
	classes = {
	};
	objectVersion = 45;
	objects = {

/* Begin PBXBuildFile section */
		21B42497131FA12700B5A5DA /* CGXPathQueryTestRSS.m in Sources */ = {isa = PBXBuildFile; fileRef = 21B42494131FA12700B5A5DA /* CGXPathQueryTestRSS.m */; };
		21B42498131FA12700B5A5DA /* CGXPathQueryTest.m in Sources */ = {isa = PBXBuildFile; fileRef = 21B42495131FA12700B5A5DA /* CGXPathQueryTest.m */; };
		21B424AC131FA1A600B5A5DA /* CGXPathQuery.m in Sources */ = {isa = PBXBuildFile; fileRef = 21B424AB131FA1A600B5A5DA /* CGXPathQuery.m */; };
/* End PBXBuildFile section */

/* Begin PBXFileReference section */
		1D30AB110D05D00D00671497 /* Foundation.framework */ = {isa = PBXFileReference; lastKnownFileType = wrapper.framework; name = Foundation.framework; path = System/Library/Frameworks/Foundation.framework; sourceTree = SDKROOT; };
		1DF5F4DF0D08C38300B7A737 /* UIKit.framework */ = {isa = PBXFileReference; lastKnownFileType = wrapper.framework; name = UIKit.framework; path = System/Library/Frameworks/UIKit.framework; sourceTree = SDKROOT; };
		21B4248B131FA09700B5A5DA /* CGXPathQueryTestx.octest */ = {isa = PBXFileReference; explicitFileType = wrapper.cfbundle; includeInIndex = 0; path = CGXPathQueryTestx.octest; sourceTree = BUILT_PRODUCTS_DIR; };
		21B4248C131FA09700B5A5DA /* CGXPathQueryTestx-Info.plist */ = {isa = PBXFileReference; lastKnownFileType = text.plist.xml; path = "CGXPathQueryTestx-Info.plist"; sourceTree = "<group>"; };
		21B42494131FA12700B5A5DA /* CGXPathQueryTestRSS.m */ = {isa = PBXFileReference; fileEncoding = 4; lastKnownFileType = sourcecode.c.objc; path = CGXPathQueryTestRSS.m; sourceTree = "<group>"; };
		21B42495131FA12700B5A5DA /* CGXPathQueryTest.m */ = {isa = PBXFileReference; fileEncoding = 4; lastKnownFileType = sourcecode.c.objc; path = CGXPathQueryTest.m; sourceTree = "<group>"; };
		21B42496131FA12700B5A5DA /* CGXPathQueryTest.h */ = {isa = PBXFileReference; fileEncoding = 4; lastKnownFileType = sourcecode.c.h; path = CGXPathQueryTest.h; sourceTree = "<group>"; };
		21B424AA131FA1A600B5A5DA /* CGXPathQuery.h */ = {isa = PBXFileReference; fileEncoding = 4; lastKnownFileType = sourcecode.c.h; path = CGXPathQuery.h; sourceTree = "<group>"; };
		21B424AB131FA1A600B5A5DA /* CGXPathQuery.m */ = {isa = PBXFileReference; fileEncoding = 4; lastKnownFileType = sourcecode.c.objc; path = CGXPathQuery.m; sourceTree = "<group>"; };
		2892E40F0DC94CBA00A64D0F /* CoreGraphics.framework */ = {isa = PBXFileReference; lastKnownFileType = wrapper.framework; name = CoreGraphics.framework; path = System/Library/Frameworks/CoreGraphics.framework; sourceTree = SDKROOT; };
/* End PBXFileReference section */

/* Begin PBXFrameworksBuildPhase section */
		21B42488131FA09700B5A5DA /* Frameworks */ = {
			isa = PBXFrameworksBuildPhase;
			buildActionMask = 2147483647;
			files = (
			);
			runOnlyForDeploymentPostprocessing = 0;
		};
/* End PBXFrameworksBuildPhase section */

/* Begin PBXGroup section */
		080E96DDFE201D6D7F000001 /* Classes */ = {
			isa = PBXGroup;
			children = (
				21B42494131FA12700B5A5DA /* CGXPathQueryTestRSS.m */,
				21B42495131FA12700B5A5DA /* CGXPathQueryTest.m */,
				21B42496131FA12700B5A5DA /* CGXPathQueryTest.h */,
			);
			path = Classes;
			sourceTree = "<group>";
		};
		19C28FACFE9D520D11CA2CBB /* Products */ = {
			isa = PBXGroup;
			children = (
				21B4248B131FA09700B5A5DA /* CGXPathQueryTestx.octest */,
			);
			name = Products;
			sourceTree = "<group>";
		};
		21B424A9131FA1A600B5A5DA /* CGXPathQuerySDK */ = {
			isa = PBXGroup;
			children = (
				21B424AA131FA1A600B5A5DA /* CGXPathQuery.h */,
				21B424AB131FA1A600B5A5DA /* CGXPathQuery.m */,
			);
			name = CGXPathQuerySDK;
			path = ../../CGXPathQuerySDK;
			sourceTree = SOURCE_ROOT;
		};
		29B97314FDCFA39411CA2CEA /* CustomTemplate */ = {
			isa = PBXGroup;
			children = (
				21B424A9131FA1A600B5A5DA /* CGXPathQuerySDK */,
				080E96DDFE201D6D7F000001 /* Classes */,
				29B97323FDCFA39411CA2CEA /* Frameworks */,
				19C28FACFE9D520D11CA2CBB /* Products */,
				21B4248C131FA09700B5A5DA /* CGXPathQueryTestx-Info.plist */,
			);
			name = CustomTemplate;
			sourceTree = "<group>";
		};
		29B97323FDCFA39411CA2CEA /* Frameworks */ = {
			isa = PBXGroup;
			children = (
				1DF5F4DF0D08C38300B7A737 /* UIKit.framework */,
				1D30AB110D05D00D00671497 /* Foundation.framework */,
				2892E40F0DC94CBA00A64D0F /* CoreGraphics.framework */,
			);
			name = Frameworks;
			sourceTree = "<group>";
		};
/* End PBXGroup section */

/* Begin PBXNativeTarget section */
		21B4248A131FA09700B5A5DA /* CGXPathQueryTestx */ = {
			isa = PBXNativeTarget;
			buildConfigurationList = 21B4248F131FA09800B5A5DA /* Build configuration list for PBXNativeTarget "CGXPathQueryTestx" */;
			buildPhases = (
				21B42486131FA09700B5A5DA /* Resources */,
				21B42487131FA09700B5A5DA /* Sources */,
				21B42488131FA09700B5A5DA /* Frameworks */,
				21B42489131FA09700B5A5DA /* ShellScript */,
			);
			buildRules = (
			);
			dependencies = (
			);
			name = CGXPathQueryTestx;
			productName = CGXPathQueryTestx;
			productReference = 21B4248B131FA09700B5A5DA /* CGXPathQueryTestx.octest */;
			productType = "com.apple.product-type.bundle";
		};
/* End PBXNativeTarget section */

/* Begin PBXProject section */
		29B97313FDCFA39411CA2CEA /* Project object */ = {
			isa = PBXProject;
			buildConfigurationList = C01FCF4E08A954540054247B /* Build configuration list for PBXProject "CGXPathQueryTests" */;
			compatibilityVersion = "Xcode 3.1";
			developmentRegion = English;
			hasScannedForEncodings = 1;
			knownRegions = (
				English,
				Japanese,
				French,
				German,
				en,
			);
			mainGroup = 29B97314FDCFA39411CA2CEA /* CustomTemplate */;
			projectDirPath = "";
			projectRoot = "";
			targets = (
				21B4248A131FA09700B5A5DA /* CGXPathQueryTestx */,
			);
		};
/* End PBXProject section */

/* Begin PBXResourcesBuildPhase section */
		21B42486131FA09700B5A5DA /* Resources */ = {
			isa = PBXResourcesBuildPhase;
			buildActionMask = 2147483647;
			files = (
			);
			runOnlyForDeploymentPostprocessing = 0;
		};
/* End PBXResourcesBuildPhase section */

/* Begin PBXShellScriptBuildPhase section */
		21B42489131FA09700B5A5DA /* ShellScript */ = {
			isa = PBXShellScriptBuildPhase;
			buildActionMask = 2147483647;
			files = (
			);
			inputPaths = (
			);
			outputPaths = (
			);
			runOnlyForDeploymentPostprocessing = 0;
			shellPath = /bin/sh;
			shellScript = "# Run the unit tests in this test bundle.\n\"${SYSTEM_DEVELOPER_DIR}/Tools/RunUnitTests\"\n";
		};
/* End PBXShellScriptBuildPhase section */

/* Begin PBXSourcesBuildPhase section */
		21B42487131FA09700B5A5DA /* Sources */ = {
			isa = PBXSourcesBuildPhase;
			buildActionMask = 2147483647;
			files = (
				21B42497131FA12700B5A5DA /* CGXPathQueryTestRSS.m in Sources */,
				21B42498131FA12700B5A5DA /* CGXPathQueryTest.m in Sources */,
				21B424AC131FA1A600B5A5DA /* CGXPathQuery.m in Sources */,
			);
			runOnlyForDeploymentPostprocessing = 0;
		};
/* End PBXSourcesBuildPhase section */

/* Begin XCBuildConfiguration section */
		21B4248D131FA09800B5A5DA /* Debug */ = {
			isa = XCBuildConfiguration;
			buildSettings = {
				ALWAYS_SEARCH_USER_PATHS = NO;
				"CODE_SIGN_IDENTITY[sdk=iphoneos*]" = "";
				COPY_PHASE_STRIP = NO;
				FRAMEWORK_SEARCH_PATHS = (
					"\"$(SDKROOT)/Developer/Library/Frameworks\"",
					"\"$(DEVELOPER_LIBRARY_DIR)/Frameworks\"",
				);
				GCC_DYNAMIC_NO_PIC = NO;
				GCC_ENABLE_FIX_AND_CONTINUE = NO;
				GCC_ENABLE_OBJC_EXCEPTIONS = YES;
				GCC_OPTIMIZATION_LEVEL = 0;
				INFOPLIST_FILE = "CGXPathQueryTestx-Info.plist";
				OTHER_LDFLAGS = (
					"-framework",
					Foundation,
					"-framework",
					SenTestingKit,
					"-framework",
					UIKit,
				);
				PREBINDING = NO;
				PRODUCT_NAME = CGXPathQueryTestx;
				SDKROOT = iphoneos;
				WRAPPER_EXTENSION = octest;
			};
			name = Debug;
		};
		21B4248E131FA09800B5A5DA /* Release */ = {
			isa = XCBuildConfiguration;
			buildSettings = {
				ALWAYS_SEARCH_USER_PATHS = NO;
				"CODE_SIGN_IDENTITY[sdk=iphoneos*]" = "";
				COPY_PHASE_STRIP = YES;
				DEBUG_INFORMATION_FORMAT = "dwarf-with-dsym";
				FRAMEWORK_SEARCH_PATHS = (
					"\"$(SDKROOT)/Developer/Library/Frameworks\"",
					"\"$(DEVELOPER_LIBRARY_DIR)/Frameworks\"",
				);
				GCC_ENABLE_FIX_AND_CONTINUE = NO;
				GCC_ENABLE_OBJC_EXCEPTIONS = YES;
				INFOPLIST_FILE = "CGXPathQueryTestx-Info.plist";
				OTHER_LDFLAGS = (
					"-framework",
					Foundation,
					"-framework",
					SenTestingKit,
					"-framework",
					UIKit,
				);
				PREBINDING = NO;
				PRODUCT_NAME = CGXPathQueryTestx;
				SDKROOT = iphoneos;
				WRAPPER_EXTENSION = octest;
				ZERO_LINK = NO;
			};
			name = Release;
		};
		C01FCF4F08A954540054247B /* Debug */ = {
			isa = XCBuildConfiguration;
			buildSettings = {
				ARCHS = "$(ARCHS_STANDARD_32_BIT)";
				"CODE_SIGN_IDENTITY[sdk=iphoneos*]" = "iPhone Developer";
				GCC_C_LANGUAGE_STANDARD = c99;
				GCC_WARN_ABOUT_RETURN_TYPE = YES;
				GCC_WARN_UNUSED_VARIABLE = YES;
				PREBINDING = NO;
				SDKROOT = iphoneos;
			};
			name = Debug;
		};
		C01FCF5008A954540054247B /* Release */ = {
			isa = XCBuildConfiguration;
			buildSettings = {
				ARCHS = "$(ARCHS_STANDARD_32_BIT)";
				"CODE_SIGN_IDENTITY[sdk=iphoneos*]" = "iPhone Developer";
				GCC_C_LANGUAGE_STANDARD = c99;
				GCC_WARN_ABOUT_RETURN_TYPE = YES;
				GCC_WARN_UNUSED_VARIABLE = YES;
				OTHER_CFLAGS = "-DNS_BLOCK_ASSERTIONS=1";
				PREBINDING = NO;
				SDKROOT = iphoneos;
			};
			name = Release;
		};
/* End XCBuildConfiguration section */

/* Begin XCConfigurationList section */
		21B4248F131FA09800B5A5DA /* Build configuration list for PBXNativeTarget "CGXPathQueryTestx" */ = {
			isa = XCConfigurationList;
			buildConfigurations = (
				21B4248D131FA09800B5A5DA /* Debug */,
				21B4248E131FA09800B5A5DA /* Release */,
			);
			defaultConfigurationIsVisible = 0;
			defaultConfigurationName = Release;
		};
		C01FCF4E08A954540054247B /* Build configuration list for PBXProject "CGXPathQueryTests" */ = {
			isa = XCConfigurationList;
			buildConfigurations = (
				C01FCF4F08A954540054247B /* Debug */,
				C01FCF5008A954540054247B /* Release */,
			);
			defaultConfigurationIsVisible = 0;
			defaultConfigurationName = Release;
		};
/* End XCConfigurationList section */
	};
	rootObject = 29B97313FDCFA39411CA2CEA /* Project object */;
}
